// !$*UTF8*$!
{
	archiveVersion = 1;
	classes = {
	};
	objectVersion = 48;
	objects = {

/* Begin PBXBuildFile section */
		F19A6E9E208806E300A0985F /* main.m in Sources */ = {isa = PBXBuildFile; fileRef = F19A6E9D208806E300A0985F /* main.m */; };
		F19A6EA6208806F600A0985F /* Dice.m in Sources */ = {isa = PBXBuildFile; fileRef = F19A6EA5208806F600A0985F /* Dice.m */; };
		F19A6EA92088074D00A0985F /* InputHandler.m in Sources */ = {isa = PBXBuildFile; fileRef = F19A6EA82088074D00A0985F /* InputHandler.m */; };
		F19A6EAC20880C0100A0985F /* gameState.m in Sources */ = {isa = PBXBuildFile; fileRef = F19A6EAB20880C0100A0985F /* gameState.m */; };
		F19A6EAF2088222D00A0985F /* scoreMaker.m in Sources */ = {isa = PBXBuildFile; fileRef = F19A6EAE2088222D00A0985F /* scoreMaker.m */; };
/* End PBXBuildFile section */

/* Begin PBXCopyFilesBuildPhase section */
		F19A6E98208806E300A0985F /* CopyFiles */ = {
			isa = PBXCopyFilesBuildPhase;
			buildActionMask = 2147483647;
			dstPath = /usr/share/man/man1/;
			dstSubfolderSpec = 0;
			files = (
			);
			runOnlyForDeploymentPostprocessing = 1;
		};
/* End PBXCopyFilesBuildPhase section */

/* Begin PBXFileReference section */
		F19A6E9A208806E300A0985F /* Threelow3 */ = {isa = PBXFileReference; explicitFileType = "compiled.mach-o.executable"; includeInIndex = 0; path = Threelow3; sourceTree = BUILT_PRODUCTS_DIR; };
		F19A6E9D208806E300A0985F /* main.m */ = {isa = PBXFileReference; lastKnownFileType = sourcecode.c.objc; path = main.m; sourceTree = "<group>"; };
		F19A6EA4208806F600A0985F /* Dice.h */ = {isa = PBXFileReference; lastKnownFileType = sourcecode.c.h; path = Dice.h; sourceTree = "<group>"; };
		F19A6EA5208806F600A0985F /* Dice.m */ = {isa = PBXFileReference; lastKnownFileType = sourcecode.c.objc; path = Dice.m; sourceTree = "<group>"; };
		F19A6EA72088074D00A0985F /* InputHandler.h */ = {isa = PBXFileReference; lastKnownFileType = sourcecode.c.h; path = InputHandler.h; sourceTree = "<group>"; };
		F19A6EA82088074D00A0985F /* InputHandler.m */ = {isa = PBXFileReference; lastKnownFileType = sourcecode.c.objc; path = InputHandler.m; sourceTree = "<group>"; };
		F19A6EAA20880C0100A0985F /* gameState.h */ = {isa = PBXFileReference; lastKnownFileType = sourcecode.c.h; path = gameState.h; sourceTree = "<group>"; };
		F19A6EAB20880C0100A0985F /* gameState.m */ = {isa = PBXFileReference; lastKnownFileType = sourcecode.c.objc; path = gameState.m; sourceTree = "<group>"; };
		F19A6EAD2088222D00A0985F /* scoreMaker.h */ = {isa = PBXFileReference; lastKnownFileType = sourcecode.c.h; path = scoreMaker.h; sourceTree = "<group>"; };
		F19A6EAE2088222D00A0985F /* scoreMaker.m */ = {isa = PBXFileReference; lastKnownFileType = sourcecode.c.objc; path = scoreMaker.m; sourceTree = "<group>"; };
/* End PBXFileReference section */

/* Begin PBXFrameworksBuildPhase section */
		F19A6E97208806E300A0985F /* Frameworks */ = {
			isa = PBXFrameworksBuildPhase;
			buildActionMask = 2147483647;
			files = (
			);
			runOnlyForDeploymentPostprocessing = 0;
		};
/* End PBXFrameworksBuildPhase section */

/* Begin PBXGroup section */
		F19A6E91208806E300A0985F = {
			isa = PBXGroup;
			children = (
				F19A6E9C208806E300A0985F /* Threelow3 */,
				F19A6E9B208806E300A0985F /* Products */,
			);
			sourceTree = "<group>";
		};
		F19A6E9B208806E300A0985F /* Products */ = {
			isa = PBXGroup;
			children = (
				F19A6E9A208806E300A0985F /* Threelow3 */,
			);
			name = Products;
			sourceTree = "<group>";
		};
		F19A6E9C208806E300A0985F /* Threelow3 */ = {
			isa = PBXGroup;
			children = (
				F19A6E9D208806E300A0985F /* main.m */,
				F19A6EAD2088222D00A0985F /* scoreMaker.h */,
				F19A6EAE2088222D00A0985F /* scoreMaker.m */,
				F19A6EAA20880C0100A0985F /* gameState.h */,
				F19A6EAB20880C0100A0985F /* gameState.m */,
				F19A6EA72088074D00A0985F /* InputHandler.h */,
				F19A6EA82088074D00A0985F /* InputHandler.m */,
				F19A6EA4208806F600A0985F /* Dice.h */,
				F19A6EA5208806F600A0985F /* Dice.m */,
			);
			path = Threelow3;
			sourceTree = "<group>";
		};
/* End PBXGroup section */

/* Begin PBXNativeTarget section */
		F19A6E99208806E300A0985F /* Threelow3 */ = {
			isa = PBXNativeTarget;
			buildConfigurationList = F19A6EA1208806E300A0985F /* Build configuration list for PBXNativeTarget "Threelow3" */;
			buildPhases = (
				F19A6E96208806E300A0985F /* Sources */,
				F19A6E97208806E300A0985F /* Frameworks */,
				F19A6E98208806E300A0985F /* CopyFiles */,
			);
			buildRules = (
			);
			dependencies = (
			);
			name = Threelow3;
			productName = Threelow3;
			productReference = F19A6E9A208806E300A0985F /* Threelow3 */;
			productType = "com.apple.product-type.tool";
		};
/* End PBXNativeTarget section */

/* Begin PBXProject section */
		F19A6E92208806E300A0985F /* Project object */ = {
			isa = PBXProject;
			attributes = {
				LastUpgradeCheck = 0920;
				ORGANIZATIONNAME = "Raman Singh";
				TargetAttributes = {
					F19A6E99208806E300A0985F = {
						CreatedOnToolsVersion = 9.2;
						ProvisioningStyle = Automatic;
					};
				};
			};
			buildConfigurationList = F19A6E95208806E300A0985F /* Build configuration list for PBXProject "Threelow3" */;
			compatibilityVersion = "Xcode 8.0";
			developmentRegion = en;
			hasScannedForEncodings = 0;
			knownRegions = (
				en,
			);
			mainGroup = F19A6E91208806E300A0985F;
			productRefGroup = F19A6E9B208806E300A0985F /* Products */;
			projectDirPath = "";
			projectRoot = "";
			targets = (
				F19A6E99208806E300A0985F /* Threelow3 */,
			);
		};
/* End PBXProject section */

/* Begin PBXSourcesBuildPhase section */
		F19A6E96208806E300A0985F /* Sources */ = {
			isa = PBXSourcesBuildPhase;
			buildActionMask = 2147483647;
			files = (
				F19A6EA6208806F600A0985F /* Dice.m in Sources */,
				F19A6EAC20880C0100A0985F /* gameState.m in Sources */,
				F19A6EA92088074D00A0985F /* InputHandler.m in Sources */,
				F19A6E9E208806E300A0985F /* main.m in Sources */,
				F19A6EAF2088222D00A0985F /* scoreMaker.m in Sources */,
			);
			runOnlyForDeploymentPostprocessing = 0;
		};
/* End PBXSourcesBuildPhase section */

/* Begin XCBuildConfiguration section */
		F19A6E9F208806E300A0985F /* Debug */ = {
			isa = XCBuildConfiguration;
			buildSettings = {
				ALWAYS_SEARCH_USER_PATHS = NO;
				CLANG_ANALYZER_NONNULL = YES;
				CLANG_ANALYZER_NUMBER_OBJECT_CONVERSION = YES_AGGRESSIVE;
				CLANG_CXX_LANGUAGE_STANDARD = "gnu++14";
				CLANG_CXX_LIBRARY = "libc++";
				CLANG_ENABLE_MODULES = YES;
				CLANG_ENABLE_OBJC_ARC = YES;
				CLANG_WARN_BLOCK_CAPTURE_AUTORELEASING = YES;
				CLANG_WARN_BOOL_CONVERSION = YES;
				CLANG_WARN_COMMA = YES;
				CLANG_WARN_CONSTANT_CONVERSION = YES;
				CLANG_WARN_DIRECT_OBJC_ISA_USAGE = YES_ERROR;
				CLANG_WARN_DOCUMENTATION_COMMENTS = YES;
				CLANG_WARN_EMPTY_BODY = YES;
				CLANG_WARN_ENUM_CONVERSION = YES;
				CLANG_WARN_INFINITE_RECURSION = YES;
				CLANG_WARN_INT_CONVERSION = YES;
				CLANG_WARN_NON_LITERAL_NULL_CONVERSION = YES;
				CLANG_WARN_OBJC_LITERAL_CONVERSION = YES;
				CLANG_WARN_OBJC_ROOT_CLASS = YES_ERROR;
				CLANG_WARN_RANGE_LOOP_ANALYSIS = YES;
				CLANG_WARN_STRICT_PROTOTYPES = YES;
				CLANG_WARN_SUSPICIOUS_MOVE = YES;
				CLANG_WARN_UNGUARDED_AVAILABILITY = YES_AGGRESSIVE;
				CLANG_WARN_UNREACHABLE_CODE = YES;
				CLANG_WARN__DUPLICATE_METHOD_MATCH = YES;
				CODE_SIGN_IDENTITY = "Mac Developer";
				COPY_PHASE_STRIP = NO;
				DEBUG_INFORMATION_FORMAT = dwarf;
				ENABLE_STRICT_OBJC_MSGSEND = YES;
				ENABLE_TESTABILITY = YES;
				GCC_C_LANGUAGE_STANDARD = gnu11;
				GCC_DYNAMIC_NO_PIC = NO;
				GCC_NO_COMMON_BLOCKS = YES;
				GCC_OPTIMIZATION_LEVEL = 0;
				GCC_PREPROCESSOR_DEFINITIONS = (
					"DEBUG=1",
					"$(inherited)",
				);
				GCC_WARN_64_TO_32_BIT_CONVERSION = YES;
				GCC_WARN_ABOUT_RETURN_TYPE = YES_ERROR;
				GCC_WARN_UNDECLARED_SELECTOR = YES;
				GCC_WARN_UNINITIALIZED_AUTOS = YES_AGGRESSIVE;
				GCC_WARN_UNUSED_FUNCTION = YES;
				GCC_WARN_UNUSED_VARIABLE = YES;
				MACOSX_DEPLOYMENT_TARGET = 10.13;
				MTL_ENABLE_DEBUG_INFO = YES;
				ONLY_ACTIVE_ARCH = YES;
				SDKROOT = macosx;
			};
			name = Debug;
		};
		F19A6EA0208806E300A0985F /* Release */ = {
			isa = XCBuildConfiguration;
			buildSettings = {
				ALWAYS_SEARCH_USER_PATHS = NO;
				CLANG_ANALYZER_NONNULL = YES;
				CLANG_ANALYZER_NUMBER_OBJECT_CONVERSION = YES_AGGRESSIVE;
				CLANG_CXX_LANGUAGE_STANDARD = "gnu++14";
				CLANG_CXX_LIBRARY = "libc++";
				CLANG_ENABLE_MODULES = YES;
				CLANG_ENABLE_OBJC_ARC = YES;
				CLANG_WARN_BLOCK_CAPTURE_AUTORELEASING = YES;
				CLANG_WARN_BOOL_CONVERSION = YES;
				CLANG_WARN_COMMA = YES;
				CLANG_WARN_CONSTANT_CONVERSION = YES;
				CLANG_WARN_DIRECT_OBJC_ISA_USAGE = YES_ERROR;
				CLANG_WARN_DOCUMENTATION_COMMENTS = YES;
				CLANG_WARN_EMPTY_BODY = YES;
				CLANG_WARN_ENUM_CONVERSION = YES;
				CLANG_WARN_INFINITE_RECURSION = YES;
				CLANG_WARN_INT_CONVERSION = YES;
				CLANG_WARN_NON_LITERAL_NULL_CONVERSION = YES;
				CLANG_WARN_OBJC_LITERAL_CONVERSION = YES;
				CLANG_WARN_OBJC_ROOT_CLASS = YES_ERROR;
				CLANG_WARN_RANGE_LOOP_ANALYSIS = YES;
				CLANG_WARN_STRICT_PROTOTYPES = YES;
				CLANG_WARN_SUSPICIOUS_MOVE = YES;
				CLANG_WARN_UNGUARDED_AVAILABILITY = YES_AGGRESSIVE;
				CLANG_WARN_UNREACHABLE_CODE = YES;
				CLANG_WARN__DUPLICATE_METHOD_MATCH = YES;
				CODE_SIGN_IDENTITY = "Mac Developer";
				COPY_PHASE_STRIP = NO;
				DEBUG_INFORMATION_FORMAT = "dwarf-with-dsym";
				ENABLE_NS_ASSERTIONS = NO;
				ENABLE_STRICT_OBJC_MSGSEND = YES;
				GCC_C_LANGUAGE_STANDARD = gnu11;
				GCC_NO_COMMON_BLOCKS = YES;
				GCC_WARN_64_TO_32_BIT_CONVERSION = YES;
				GCC_WARN_ABOUT_RETURN_TYPE = YES_ERROR;
				GCC_WARN_UNDECLARED_SELECTOR = YES;
				GCC_WARN_UNINITIALIZED_AUTOS = YES_AGGRESSIVE;
				GCC_WARN_UNUSED_FUNCTION = YES;
				GCC_WARN_UNUSED_VARIABLE = YES;
				MACOSX_DEPLOYMENT_TARGET = 10.13;
				MTL_ENABLE_DEBUG_INFO = NO;
				SDKROOT = macosx;
			};
			name = Release;
		};
		F19A6EA2208806E300A0985F /* Debug */ = {
			isa = XCBuildConfiguration;
			buildSettings = {
				CODE_SIGN_STYLE = Automatic;
				DEVELOPMENT_TEAM = UE52HE9BWK;
				PRODUCT_NAME = "$(TARGET_NAME)";
			};
			name = Debug;
		};
		F19A6EA3208806E300A0985F /* Release */ = {
			isa = XCBuildConfiguration;
			buildSettings = {
				CODE_SIGN_STYLE = Automatic;
				DEVELOPMENT_TEAM = UE52HE9BWK;
				PRODUCT_NAME = "$(TARGET_NAME)";
			};
			name = Release;
		};
/* End XCBuildConfiguration section */

/* Begin XCConfigurationList section */
		F19A6E95208806E300A0985F /* Build configuration list for PBXProject "Threelow3" */ = {
			isa = XCConfigurationList;
			buildConfigurations = (
				F19A6E9F208806E300A0985F /* Debug */,
				F19A6EA0208806E300A0985F /* Release */,
			);
			defaultConfigurationIsVisible = 0;
			defaultConfigurationName = Release;
		};
		F19A6EA1208806E300A0985F /* Build configuration list for PBXNativeTarget "Threelow3" */ = {
			isa = XCConfigurationList;
			buildConfigurations = (
				F19A6EA2208806E300A0985F /* Debug */,
				F19A6EA3208806E300A0985F /* Release */,
			);
			defaultConfigurationIsVisible = 0;
			defaultConfigurationName = Release;
		};
/* End XCConfigurationList section */
	};
	rootObject = F19A6E92208806E300A0985F /* Project object */;
}
